{
  "name": "historical-market-data",
  "version": "1.0.0",
  "lockfileVersion": 1,
  "requires": true,
  "dependencies": {
    "amdefine": {
      "version": "0.1.1",
      "resolved": "https://registry.npmjs.org/amdefine/-/amdefine-0.1.1.tgz",
      "integrity": "sha1-tcdcUyBS3M1qOcAGTHcsjVegbNI="
    },
    "commander": {
      "version": "2.0.0",
      "resolved": "https://registry.npmjs.org/commander/-/commander-2.0.0.tgz",
      "integrity": "sha1-0bhvkB+LZL2UG96tr5JFMDk76Sg="
    },
    "dukascopy-node": {
      "version": "1.0.12",
      "resolved": "https://registry.npmjs.org/dukascopy-node/-/dukascopy-node-1.0.12.tgz",
      "integrity": "sha512-qxJKiTmaJdHlUn4Ku3iY6JP9lBmkt6n0/U5IHvD8ZqmXtgN2/4IWRPFgtYEwjvRVufrr4ZZCaYBJK6Oq5j0zPA==",
      "requires": {
        "fastest-validator": "^0.6.17",
        "lzma-purejs": "^0.9.3",
        "node-fetch": "^2.3.0",
        "python-struct": "^1.0.6"
      }
    },
    "fastest-validator": {
      "version": "0.6.19",
      "resolved": "https://registry.npmjs.org/fastest-validator/-/fastest-validator-0.6.19.tgz",
      "integrity": "sha512-U+hjn/Au+sgGfrwb26t26hywrItCdkpQ7VEJPY7Ey0FU2mnH/L4xhcs0R9Bd+y57aUKlasC3W4J6t8fOyXji6Q=="
    },
    "long": {
      "version": "4.0.0",
      "resolved": "https://registry.npmjs.org/long/-/long-4.0.0.tgz",
      "integrity": "sha512-XsP+KhQif4bjX1kbuSiySJFNAehNxgLb6hPRGJ9QsUr8ajHkuXGdrHmFUTUUXhDwVX2R5bY4JNZEwbUiMhV+MA=="
    },
    "lzma-purejs": {
      "version": "0.9.3",
      "resolved": "https://registry.npmjs.org/lzma-purejs/-/lzma-purejs-0.9.3.tgz",
      "integrity": "sha1-yJF+iUsbTbXIZbkn34ZO3edZzN4=",
      "requires": {
        "amdefine": "~0.1.0",
        "commander": "~2.0.0"
      }
    },
    "moment": {
      "version": "2.24.0",
      "resolved": "https://registry.npmjs.org/moment/-/moment-2.24.0.tgz",
      "integrity": "sha512-bV7f+6l2QigeBBZSM/6yTNq4P2fNpSWj/0e7jQcy87A8e7o2nAfP/34/2ky5Vw4B9S446EtIhodAzkFCcR4dQg=="
    },
    "node-fetch": {
      "version": "2.6.0",
      "resolved": "https://registry.npmjs.org/node-fetch/-/node-fetch-2.6.0.tgz",
      "integrity": "sha512-8dG4H5ujfvFiqDmVu9fQ5bOHUC15JMjMY/Zumv26oOvvVJjM67KF8koCWIabKQ1GJIa9r2mMZscBq/TbdOcmNA=="
    },
    "python-struct": {
      "version": "1.1.2",
      "resolved": "https://registry.npmjs.org/python-struct/-/python-struct-1.1.2.tgz",
      "integrity": "sha512-LJOsUEBLcfV5813MY6ilE1vsz0Yoan+ttdYi+vkgu89nJICmFlMnjQd4Qjzs3dGPKIsC2D1w6CQM1yFsL9mXtA==",
      "requires": {
        "long": "^4.0.0"
      }
    }
  }
}
